
Microsoft Visual Studio Solution File, Format Version 12.00
# Visual Studio Version 17
VisualStudioVersion = 17.0.31903.59
MinimumVisualStudioVersion = 10.0.40219.1
Project("{9A19103F-16F7-4668-BE54-9A1E7A4F7556}") = "LeaveManagementSystem.Web", "LeaveManagementSystem.Web\LeaveManagementSystem.Web.csproj", "{55FB46B5-DFD9-491F-8295-A39EE007FF5F}"
EndProject
Project("{9A19103F-16F7-4668-BE54-9A1E7A4F7556}") = "LeaveManagementSystem.Common", "LeaveManagementSystem.Common\LeaveManagementSystem.Common.csproj", "{1325CF04-5197-4E84-8AD6-9BD9315B9F87}"
EndProject
Project("{FAE04EC0-301F-11D3-BF4B-00C04F79EFBC}") = "LeaveManagementSystem.Data", "LeaveManagementSystem.Data\LeaveManagementSystem.Data.csproj", "{A2CB6202-2B8B-4320-9BC7-BA11B50B1A5D}"
EndProject
Project("{FAE04EC0-301F-11D3-BF4B-00C04F79EFBC}") = "LeaveManagementSystem.Application", "LeaveManagementSystem.Application\LeaveManagementSystem.Application.csproj", "{302419D3-FC8A-41FE-A5B8-C3C054CEDBBC}"
EndProject
Global
	GlobalSection(SolutionConfigurationPlatforms) = preSolution
		Debug|Any CPU = Debug|Any CPU
		Release|Any CPU = Release|Any CPU
	EndGlobalSection
	GlobalSection(ProjectConfigurationPlatforms) = postSolution
		{55FB46B5-DFD9-491F-8295-A39EE007FF5F}.Debug|Any CPU.ActiveCfg = Debug|Any CPU
		{55FB46B5-DFD9-491F-8295-A39EE007FF5F}.Debug|Any CPU.Build.0 = Debug|Any CPU
		{55FB46B5-DFD9-491F-8295-A39EE007FF5F}.Release|Any CPU.ActiveCfg = Release|Any CPU
		{55FB46B5-DFD9-491F-8295-A39EE007FF5F}.Release|Any CPU.Build.0 = Release|Any CPU
		{1325CF04-5197-4E84-8AD6-9BD9315B9F87}.Debug|Any CPU.ActiveCfg = Debug|Any CPU
		{1325CF04-5197-4E84-8AD6-9BD9315B9F87}.Debug|Any CPU.Build.0 = Debug|Any CPU
		{1325CF04-5197-4E84-8AD6-9BD9315B9F87}.Release|Any CPU.ActiveCfg = Release|Any CPU
		{1325CF04-5197-4E84-8AD6-9BD9315B9F87}.Release|Any CPU.Build.0 = Release|Any CPU
		{A2CB6202-2B8B-4320-9BC7-BA11B50B1A5D}.Debug|Any CPU.ActiveCfg = Debug|Any CPU
		{A2CB6202-2B8B-4320-9BC7-BA11B50B1A5D}.Debug|Any CPU.Build.0 = Debug|Any CPU
		{A2CB6202-2B8B-4320-9BC7-BA11B50B1A5D}.Release|Any CPU.ActiveCfg = Release|Any CPU
		{A2CB6202-2B8B-4320-9BC7-BA11B50B1A5D}.Release|Any CPU.Build.0 = Release|Any CPU
		{302419D3-FC8A-41FE-A5B8-C3C054CEDBBC}.Debug|Any CPU.ActiveCfg = Debug|Any CPU
		{302419D3-FC8A-41FE-A5B8-C3C054CEDBBC}.Debug|Any CPU.Build.0 = Debug|Any CPU
		{302419D3-FC8A-41FE-A5B8-C3C054CEDBBC}.Release|Any CPU.ActiveCfg = Release|Any CPU
		{302419D3-FC8A-41FE-A5B8-C3C054CEDBBC}.Release|Any CPU.Build.0 = Release|Any CPU
	EndGlobalSection
	GlobalSection(SolutionProperties) = preSolution
		HideSolutionNode = FALSE
	EndGlobalSection
	GlobalSection(ExtensibilityGlobals) = postSolution
		SolutionGuid = {97BC9281-ABBB-4640-86D2-539D0F55818F}
	EndGlobalSection
EndGlobal
